// !$*UTF8*$!
{
	archiveVersion = 1;
	classes = {
	};
	objectVersion = 50;
	objects = {

/* Begin PBXBuildFile section */
		E30C57A4267B01A9007890E8 /* CoreDataRelationshipsPracticeApp.swift in Sources */ = {isa = PBXBuildFile; fileRef = E30C57A3267B01A9007890E8 /* CoreDataRelationshipsPracticeApp.swift */; };
		E30C57A6267B01A9007890E8 /* ContentView.swift in Sources */ = {isa = PBXBuildFile; fileRef = E30C57A5267B01A9007890E8 /* ContentView.swift */; };
		E30C57A8267B01AA007890E8 /* Assets.xcassets in Resources */ = {isa = PBXBuildFile; fileRef = E30C57A7267B01AA007890E8 /* Assets.xcassets */; };
		E30C57AB267B01AA007890E8 /* Preview Assets.xcassets in Resources */ = {isa = PBXBuildFile; fileRef = E30C57AA267B01AA007890E8 /* Preview Assets.xcassets */; };
		E30C57B4267B036E007890E8 /* CoreataContainer.xcdatamodeld in Sources */ = {isa = PBXBuildFile; fileRef = E30C57B2267B036E007890E8 /* CoreataContainer.xcdatamodeld */; };
/* End PBXBuildFile section */

/* Begin PBXFileReference section */
		E30C57A0267B01A9007890E8 /* CoreDataRelationshipsPractice.app */ = {isa = PBXFileReference; explicitFileType = wrapper.application; includeInIndex = 0; path = CoreDataRelationshipsPractice.app; sourceTree = BUILT_PRODUCTS_DIR; };
		E30C57A3267B01A9007890E8 /* CoreDataRelationshipsPracticeApp.swift */ = {isa = PBXFileReference; lastKnownFileType = sourcecode.swift; path = CoreDataRelationshipsPracticeApp.swift; sourceTree = "<group>"; };
		E30C57A5267B01A9007890E8 /* ContentView.swift */ = {isa = PBXFileReference; lastKnownFileType = sourcecode.swift; path = ContentView.swift; sourceTree = "<group>"; };
		E30C57A7267B01AA007890E8 /* Assets.xcassets */ = {isa = PBXFileReference; lastKnownFileType = folder.assetcatalog; path = Assets.xcassets; sourceTree = "<group>"; };
		E30C57AA267B01AA007890E8 /* Preview Assets.xcassets */ = {isa = PBXFileReference; lastKnownFileType = folder.assetcatalog; path = "Preview Assets.xcassets"; sourceTree = "<group>"; };
		E30C57AC267B01AA007890E8 /* Info.plist */ = {isa = PBXFileReference; lastKnownFileType = text.plist.xml; path = Info.plist; sourceTree = "<group>"; };
		E30C57B3267B036E007890E8 /* CoreataContainer.xcdatamodel */ = {isa = PBXFileReference; lastKnownFileType = wrapper.xcdatamodel; path = CoreataContainer.xcdatamodel; sourceTree = "<group>"; };
/* End PBXFileReference section */

/* Begin PBXFrameworksBuildPhase section */
		E30C579D267B01A9007890E8 /* Frameworks */ = {
			isa = PBXFrameworksBuildPhase;
			buildActionMask = 2147483647;
			files = (
			);
			runOnlyForDeploymentPostprocessing = 0;
		};
/* End PBXFrameworksBuildPhase section */

/* Begin PBXGroup section */
		E30C5797267B01A9007890E8 = {
			isa = PBXGroup;
			children = (
				E30C57A2267B01A9007890E8 /* CoreDataRelationshipsPractice */,
				E30C57A1267B01A9007890E8 /* Products */,
			);
			sourceTree = "<group>";
		};
		E30C57A1267B01A9007890E8 /* Products */ = {
			isa = PBXGroup;
			children = (
				E30C57A0267B01A9007890E8 /* CoreDataRelationshipsPractice.app */,
			);
			name = Products;
			sourceTree = "<group>";
		};
		E30C57A2267B01A9007890E8 /* CoreDataRelationshipsPractice */ = {
			isa = PBXGroup;
			children = (
				E30C57A3267B01A9007890E8 /* CoreDataRelationshipsPracticeApp.swift */,
				E30C57A5267B01A9007890E8 /* ContentView.swift */,
				E30C57A7267B01AA007890E8 /* Assets.xcassets */,
				E30C57AC267B01AA007890E8 /* Info.plist */,
				E30C57A9267B01AA007890E8 /* Preview Content */,
				E30C57B2267B036E007890E8 /* CoreataContainer.xcdatamodeld */,
			);
			path = CoreDataRelationshipsPractice;
			sourceTree = "<group>";
		};
		E30C57A9267B01AA007890E8 /* Preview Content */ = {
			isa = PBXGroup;
			children = (
				E30C57AA267B01AA007890E8 /* Preview Assets.xcassets */,
			);
			path = "Preview Content";
			sourceTree = "<group>";
		};
/* End PBXGroup section */

/* Begin PBXNativeTarget section */
		E30C579F267B01A9007890E8 /* CoreDataRelationshipsPractice */ = {
			isa = PBXNativeTarget;
			buildConfigurationList = E30C57AF267B01AA007890E8 /* Build configuration list for PBXNativeTarget "CoreDataRelationshipsPractice" */;
			buildPhases = (
				E30C579C267B01A9007890E8 /* Sources */,
				E30C579D267B01A9007890E8 /* Frameworks */,
				E30C579E267B01A9007890E8 /* Resources */,
			);
			buildRules = (
			);
			dependencies = (
			);
			name = CoreDataRelationshipsPractice;
			productName = CoreDataRelationshipsPractice;
			productReference = E30C57A0267B01A9007890E8 /* CoreDataRelationshipsPractice.app */;
			productType = "com.apple.product-type.application";
		};
/* End PBXNativeTarget section */

/* Begin PBXProject section */
		E30C5798267B01A9007890E8 /* Project object */ = {
			isa = PBXProject;
			attributes = {
				LastSwiftUpdateCheck = 1250;
				LastUpgradeCheck = 1250;
				TargetAttributes = {
					E30C579F267B01A9007890E8 = {
						CreatedOnToolsVersion = 12.5;
					};
				};
			};
			buildConfigurationList = E30C579B267B01A9007890E8 /* Build configuration list for PBXProject "CoreDataRelationshipsPractice" */;
			compatibilityVersion = "Xcode 9.3";
			developmentRegion = en;
			hasScannedForEncodings = 0;
			knownRegions = (
				en,
				Base,
			);
			mainGroup = E30C5797267B01A9007890E8;
			productRefGroup = E30C57A1267B01A9007890E8 /* Products */;
			projectDirPath = "";
			projectRoot = "";
			targets = (
				E30C579F267B01A9007890E8 /* CoreDataRelationshipsPractice */,
			);
		};
/* End PBXProject section */

/* Begin PBXResourcesBuildPhase section */
		E30C579E267B01A9007890E8 /* Resources */ = {
			isa = PBXResourcesBuildPhase;
			buildActionMask = 2147483647;
			files = (
				E30C57AB267B01AA007890E8 /* Preview Assets.xcassets in Resources */,
				E30C57A8267B01AA007890E8 /* Assets.xcassets in Resources */,
			);
			runOnlyForDeploymentPostprocessing = 0;
		};
/* End PBXResourcesBuildPhase section */

/* Begin PBXSourcesBuildPhase section */
		E30C579C267B01A9007890E8 /* Sources */ = {
			isa = PBXSourcesBuildPhase;
			buildActionMask = 2147483647;
			files = (
				E30C57A6267B01A9007890E8 /* ContentView.swift in Sources */,
				E30C57B4267B036E007890E8 /* CoreataContainer.xcdatamodeld in Sources */,
				E30C57A4267B01A9007890E8 /* CoreDataRelationshipsPracticeApp.swift in Sources */,
			);
			runOnlyForDeploymentPostprocessing = 0;
		};
/* End PBXSourcesBuildPhase section */

/* Begin XCBuildConfiguration section */
		E30C57AD267B01AA007890E8 /* Debug */ = {
			isa = XCBuildConfiguration;
			buildSettings = {
				ALWAYS_SEARCH_USER_PATHS = NO;
				CLANG_ANALYZER_NONNULL = YES;
				CLANG_ANALYZER_NUMBER_OBJECT_CONVERSION = YES_AGGRESSIVE;
				CLANG_CXX_LANGUAGE_STANDARD = "gnu++14";
				CLANG_CXX_LIBRARY = "libc++";
				CLANG_ENABLE_MODULES = YES;
				CLANG_ENABLE_OBJC_ARC = YES;
				CLANG_ENABLE_OBJC_WEAK = YES;
				CLANG_WARN_BLOCK_CAPTURE_AUTORELEASING = YES;
				CLANG_WARN_BOOL_CONVERSION = YES;
				CLANG_WARN_COMMA = YES;
				CLANG_WARN_CONSTANT_CONVERSION = YES;
				CLANG_WARN_DEPRECATED_OBJC_IMPLEMENTATIONS = YES;
				CLANG_WARN_DIRECT_OBJC_ISA_USAGE = YES_ERROR;
				CLANG_WARN_DOCUMENTATION_COMMENTS = YES;
				CLANG_WARN_EMPTY_BODY = YES;
				CLANG_WARN_ENUM_CONVERSION = YES;
				CLANG_WARN_INFINITE_RECURSION = YES;
				CLANG_WARN_INT_CONVERSION = YES;
				CLANG_WARN_NON_LITERAL_NULL_CONVERSION = YES;
				CLANG_WARN_OBJC_IMPLICIT_RETAIN_SELF = YES;
				CLANG_WARN_OBJC_LITERAL_CONVERSION = YES;
				CLANG_WARN_OBJC_ROOT_CLASS = YES_ERROR;
				CLANG_WARN_QUOTED_INCLUDE_IN_FRAMEWORK_HEADER = YES;
				CLANG_WARN_RANGE_LOOP_ANALYSIS = YES;
				CLANG_WARN_STRICT_PROTOTYPES = YES;
				CLANG_WARN_SUSPICIOUS_MOVE = YES;
				CLANG_WARN_UNGUARDED_AVAILABILITY = YES_AGGRESSIVE;
				CLANG_WARN_UNREACHABLE_CODE = YES;
				CLANG_WARN__DUPLICATE_METHOD_MATCH = YES;
				COPY_PHASE_STRIP = NO;
				DEBUG_INFORMATION_FORMAT = dwarf;
				ENABLE_STRICT_OBJC_MSGSEND = YES;
				ENABLE_TESTABILITY = YES;
				GCC_C_LANGUAGE_STANDARD = gnu11;
				GCC_DYNAMIC_NO_PIC = NO;
				GCC_NO_COMMON_BLOCKS = YES;
				GCC_OPTIMIZATION_LEVEL = 0;
				GCC_PREPROCESSOR_DEFINITIONS = (
					"DEBUG=1",
					"$(inherited)",
				);
				GCC_WARN_64_TO_32_BIT_CONVERSION = YES;
				GCC_WARN_ABOUT_RETURN_TYPE = YES_ERROR;
				GCC_WARN_UNDECLARED_SELECTOR = YES;
				GCC_WARN_UNINITIALIZED_AUTOS = YES_AGGRESSIVE;
				GCC_WARN_UNUSED_FUNCTION = YES;
				GCC_WARN_UNUSED_VARIABLE = YES;
				IPHONEOS_DEPLOYMENT_TARGET = 14.5;
				MTL_ENABLE_DEBUG_INFO = INCLUDE_SOURCE;
				MTL_FAST_MATH = YES;
				ONLY_ACTIVE_ARCH = YES;
				SDKROOT = iphoneos;
				SWIFT_ACTIVE_COMPILATION_CONDITIONS = DEBUG;
				SWIFT_OPTIMIZATION_LEVEL = "-Onone";
			};
			name = Debug;
		};
		E30C57AE267B01AA007890E8 /* Release */ = {
			isa = XCBuildConfiguration;
			buildSettings = {
				ALWAYS_SEARCH_USER_PATHS = NO;
				CLANG_ANALYZER_NONNULL = YES;
				CLANG_ANALYZER_NUMBER_OBJECT_CONVERSION = YES_AGGRESSIVE;
				CLANG_CXX_LANGUAGE_STANDARD = "gnu++14";
				CLANG_CXX_LIBRARY = "libc++";
				CLANG_ENABLE_MODULES = YES;
				CLANG_ENABLE_OBJC_ARC = YES;
				CLANG_ENABLE_OBJC_WEAK = YES;
				CLANG_WARN_BLOCK_CAPTURE_AUTORELEASING = YES;
				CLANG_WARN_BOOL_CONVERSION = YES;
				CLANG_WARN_COMMA = YES;
				CLANG_WARN_CONSTANT_CONVERSION = YES;
				CLANG_WARN_DEPRECATED_OBJC_IMPLEMENTATIONS = YES;
				CLANG_WARN_DIRECT_OBJC_ISA_USAGE = YES_ERROR;
				CLANG_WARN_DOCUMENTATION_COMMENTS = YES;
				CLANG_WARN_EMPTY_BODY = YES;
				CLANG_WARN_ENUM_CONVERSION = YES;
				CLANG_WARN_INFINITE_RECURSION = YES;
				CLANG_WARN_INT_CONVERSION = YES;
				CLANG_WARN_NON_LITERAL_NULL_CONVERSION = YES;
				CLANG_WARN_OBJC_IMPLICIT_RETAIN_SELF = YES;
				CLANG_WARN_OBJC_LITERAL_CONVERSION = YES;
				CLANG_WARN_OBJC_ROOT_CLASS = YES_ERROR;
				CLANG_WARN_QUOTED_INCLUDE_IN_FRAMEWORK_HEADER = YES;
				CLANG_WARN_RANGE_LOOP_ANALYSIS = YES;
				CLANG_WARN_STRICT_PROTOTYPES = YES;
				CLANG_WARN_SUSPICIOUS_MOVE = YES;
				CLANG_WARN_UNGUARDED_AVAILABILITY = YES_AGGRESSIVE;
				CLANG_WARN_UNREACHABLE_CODE = YES;
				CLANG_WARN__DUPLICATE_METHOD_MATCH = YES;
				COPY_PHASE_STRIP = NO;
				DEBUG_INFORMATION_FORMAT = "dwarf-with-dsym";
				ENABLE_NS_ASSERTIONS = NO;
				ENABLE_STRICT_OBJC_MSGSEND = YES;
				GCC_C_LANGUAGE_STANDARD = gnu11;
				GCC_NO_COMMON_BLOCKS = YES;
				GCC_WARN_64_TO_32_BIT_CONVERSION = YES;
				GCC_WARN_ABOUT_RETURN_TYPE = YES_ERROR;
				GCC_WARN_UNDECLARED_SELECTOR = YES;
				GCC_WARN_UNINITIALIZED_AUTOS = YES_AGGRESSIVE;
				GCC_WARN_UNUSED_FUNCTION = YES;
				GCC_WARN_UNUSED_VARIABLE = YES;
				IPHONEOS_DEPLOYMENT_TARGET = 14.5;
				MTL_ENABLE_DEBUG_INFO = NO;
				MTL_FAST_MATH = YES;
				SDKROOT = iphoneos;
				SWIFT_COMPILATION_MODE = wholemodule;
				SWIFT_OPTIMIZATION_LEVEL = "-O";
				VALIDATE_PRODUCT = YES;
			};
			name = Release;
		};
		E30C57B0267B01AA007890E8 /* Debug */ = {
			isa = XCBuildConfiguration;
			buildSettings = {
				ASSETCATALOG_COMPILER_APPICON_NAME = AppIcon;
				ASSETCATALOG_COMPILER_GLOBAL_ACCENT_COLOR_NAME = AccentColor;
				CODE_SIGN_STYLE = Automatic;
				DEVELOPMENT_ASSET_PATHS = "\"CoreDataRelationshipsPractice/Preview Content\"";
				DEVELOPMENT_TEAM = FZF4NU59AF;
				ENABLE_PREVIEWS = YES;
				INFOPLIST_FILE = CoreDataRelationshipsPractice/Info.plist;
				IPHONEOS_DEPLOYMENT_TARGET = 14.0;
				LD_RUNPATH_SEARCH_PATHS = (
					"$(inherited)",
					"@executable_path/Frameworks",
				);
				PRODUCT_BUNDLE_IDENTIFIER = "Vivek-Pattanaik.CoreDataRelationshipsPractice";
				PRODUCT_NAME = "$(TARGET_NAME)";
				SWIFT_VERSION = 5.0;
				TARGETED_DEVICE_FAMILY = "1,2";
			};
			name = Debug;
		};
		E30C57B1267B01AA007890E8 /* Release */ = {
			isa = XCBuildConfiguration;
			buildSettings = {
				ASSETCATALOG_COMPILER_APPICON_NAME = AppIcon;
				ASSETCATALOG_COMPILER_GLOBAL_ACCENT_COLOR_NAME = AccentColor;
				CODE_SIGN_STYLE = Automatic;
				DEVELOPMENT_ASSET_PATHS = "\"CoreDataRelationshipsPractice/Preview Content\"";
				DEVELOPMENT_TEAM = FZF4NU59AF;
				ENABLE_PREVIEWS = YES;
				INFOPLIST_FILE = CoreDataRelationshipsPractice/Info.plist;
				IPHONEOS_DEPLOYMENT_TARGET = 14.0;
				LD_RUNPATH_SEARCH_PATHS = (
					"$(inherited)",
					"@executable_path/Frameworks",
				);
				PRODUCT_BUNDLE_IDENTIFIER = "Vivek-Pattanaik.CoreDataRelationshipsPractice";
				PRODUCT_NAME = "$(TARGET_NAME)";
				SWIFT_VERSION = 5.0;
				TARGETED_DEVICE_FAMILY = "1,2";
			};
			name = Release;
		};
/* End XCBuildConfiguration section */

/* Begin XCConfigurationList section */
		E30C579B267B01A9007890E8 /* Build configuration list for PBXProject "CoreDataRelationshipsPractice" */ = {
			isa = XCConfigurationList;
			buildConfigurations = (
				E30C57AD267B01AA007890E8 /* Debug */,
				E30C57AE267B01AA007890E8 /* Release */,
			);
			defaultConfigurationIsVisible = 0;
			defaultConfigurationName = Release;
		};
		E30C57AF267B01AA007890E8 /* Build configuration list for PBXNativeTarget "CoreDataRelationshipsPractice" */ = {
			isa = XCConfigurationList;
			buildConfigurations = (
				E30C57B0267B01AA007890E8 /* Debug */,
				E30C57B1267B01AA007890E8 /* Release */,
			);
			defaultConfigurationIsVisible = 0;
			defaultConfigurationName = Release;
		};
/* End XCConfigurationList section */

/* Begin XCVersionGroup section */
		E30C57B2267B036E007890E8 /* CoreataContainer.xcdatamodeld */ = {
			isa = XCVersionGroup;
			children = (
				E30C57B3267B036E007890E8 /* CoreataContainer.xcdatamodel */,
			);
			currentVersion = E30C57B3267B036E007890E8 /* CoreataContainer.xcdatamodel */;
			path = CoreataContainer.xcdatamodeld;
			sourceTree = "<group>";
			versionGroupType = wrapper.xcdatamodel;
		};
/* End XCVersionGroup section */
	};
	rootObject = E30C5798267B01A9007890E8 /* Project object */;
}
